// !$*UTF8*$!
{
	archiveVersion = 1;
	classes = {
	};
	objectVersion = 50;
	objects = {

/* Begin PBXBuildFile section */
		D7C8127A2349259D00F402DB /* AppDelegate.swift in Sources */ = {isa = PBXBuildFile; fileRef = D7C812792349259D00F402DB /* AppDelegate.swift */; };
		D7C8127C2349259D00F402DB /* SceneDelegate.swift in Sources */ = {isa = PBXBuildFile; fileRef = D7C8127B2349259D00F402DB /* SceneDelegate.swift */; };
		D7C8127F2349259D00F402DB /* TestSwiftUI.xcdatamodeld in Sources */ = {isa = PBXBuildFile; fileRef = D7C8127D2349259D00F402DB /* TestSwiftUI.xcdatamodeld */; };
		D7C812812349259D00F402DB /* ContentView.swift in Sources */ = {isa = PBXBuildFile; fileRef = D7C812802349259D00F402DB /* ContentView.swift */; };
		D7C812832349259E00F402DB /* Assets.xcassets in Resources */ = {isa = PBXBuildFile; fileRef = D7C812822349259E00F402DB /* Assets.xcassets */; };
		D7C812862349259E00F402DB /* Preview Assets.xcassets in Resources */ = {isa = PBXBuildFile; fileRef = D7C812852349259E00F402DB /* Preview Assets.xcassets */; };
		D7C812892349259E00F402DB /* LaunchScreen.storyboard in Resources */ = {isa = PBXBuildFile; fileRef = D7C812872349259E00F402DB /* LaunchScreen.storyboard */; };
		D7C812942349259E00F402DB /* TestSwiftUITests.swift in Sources */ = {isa = PBXBuildFile; fileRef = D7C812932349259E00F402DB /* TestSwiftUITests.swift */; };
		D7C8129F2349259E00F402DB /* TestSwiftUIUITests.swift in Sources */ = {isa = PBXBuildFile; fileRef = D7C8129E2349259E00F402DB /* TestSwiftUIUITests.swift */; };
/* End PBXBuildFile section */

/* Begin PBXContainerItemProxy section */
		D7C812902349259E00F402DB /* PBXContainerItemProxy */ = {
			isa = PBXContainerItemProxy;
			containerPortal = D7C8126E2349259C00F402DB /* Project object */;
			proxyType = 1;
			remoteGlobalIDString = D7C812752349259C00F402DB;
			remoteInfo = TestSwiftUI;
		};
		D7C8129B2349259E00F402DB /* PBXContainerItemProxy */ = {
			isa = PBXContainerItemProxy;
			containerPortal = D7C8126E2349259C00F402DB /* Project object */;
			proxyType = 1;
			remoteGlobalIDString = D7C812752349259C00F402DB;
			remoteInfo = TestSwiftUI;
		};
/* End PBXContainerItemProxy section */

/* Begin PBXFileReference section */
		D7C812762349259C00F402DB /* TestSwiftUI.app */ = {isa = PBXFileReference; explicitFileType = wrapper.application; includeInIndex = 0; path = TestSwiftUI.app; sourceTree = BUILT_PRODUCTS_DIR; };
		D7C812792349259D00F402DB /* AppDelegate.swift */ = {isa = PBXFileReference; lastKnownFileType = sourcecode.swift; path = AppDelegate.swift; sourceTree = "<group>"; };
		D7C8127B2349259D00F402DB /* SceneDelegate.swift */ = {isa = PBXFileReference; lastKnownFileType = sourcecode.swift; path = SceneDelegate.swift; sourceTree = "<group>"; };
		D7C8127E2349259D00F402DB /* TestSwiftUI.xcdatamodel */ = {isa = PBXFileReference; lastKnownFileType = wrapper.xcdatamodel; path = TestSwiftUI.xcdatamodel; sourceTree = "<group>"; };
		D7C812802349259D00F402DB /* ContentView.swift */ = {isa = PBXFileReference; lastKnownFileType = sourcecode.swift; path = ContentView.swift; sourceTree = "<group>"; };
		D7C812822349259E00F402DB /* Assets.xcassets */ = {isa = PBXFileReference; lastKnownFileType = folder.assetcatalog; path = Assets.xcassets; sourceTree = "<group>"; };
		D7C812852349259E00F402DB /* Preview Assets.xcassets */ = {isa = PBXFileReference; lastKnownFileType = folder.assetcatalog; path = "Preview Assets.xcassets"; sourceTree = "<group>"; };
		D7C812882349259E00F402DB /* Base */ = {isa = PBXFileReference; lastKnownFileType = file.storyboard; name = Base; path = Base.lproj/LaunchScreen.storyboard; sourceTree = "<group>"; };
		D7C8128A2349259E00F402DB /* Info.plist */ = {isa = PBXFileReference; lastKnownFileType = text.plist.xml; path = Info.plist; sourceTree = "<group>"; };
		D7C8128F2349259E00F402DB /* TestSwiftUITests.xctest */ = {isa = PBXFileReference; explicitFileType = wrapper.cfbundle; includeInIndex = 0; path = TestSwiftUITests.xctest; sourceTree = BUILT_PRODUCTS_DIR; };
		D7C812932349259E00F402DB /* TestSwiftUITests.swift */ = {isa = PBXFileReference; lastKnownFileType = sourcecode.swift; path = TestSwiftUITests.swift; sourceTree = "<group>"; };
		D7C812952349259E00F402DB /* Info.plist */ = {isa = PBXFileReference; lastKnownFileType = text.plist.xml; path = Info.plist; sourceTree = "<group>"; };
		D7C8129A2349259E00F402DB /* TestSwiftUIUITests.xctest */ = {isa = PBXFileReference; explicitFileType = wrapper.cfbundle; includeInIndex = 0; path = TestSwiftUIUITests.xctest; sourceTree = BUILT_PRODUCTS_DIR; };
		D7C8129E2349259E00F402DB /* TestSwiftUIUITests.swift */ = {isa = PBXFileReference; lastKnownFileType = sourcecode.swift; path = TestSwiftUIUITests.swift; sourceTree = "<group>"; };
		D7C812A02349259E00F402DB /* Info.plist */ = {isa = PBXFileReference; lastKnownFileType = text.plist.xml; path = Info.plist; sourceTree = "<group>"; };
/* End PBXFileReference section */

/* Begin PBXFrameworksBuildPhase section */
		D7C812732349259C00F402DB /* Frameworks */ = {
			isa = PBXFrameworksBuildPhase;
			buildActionMask = 2147483647;
			files = (
			);
			runOnlyForDeploymentPostprocessing = 0;
		};
		D7C8128C2349259E00F402DB /* Frameworks */ = {
			isa = PBXFrameworksBuildPhase;
			buildActionMask = 2147483647;
			files = (
			);
			runOnlyForDeploymentPostprocessing = 0;
		};
		D7C812972349259E00F402DB /* Frameworks */ = {
			isa = PBXFrameworksBuildPhase;
			buildActionMask = 2147483647;
			files = (
			);
			runOnlyForDeploymentPostprocessing = 0;
		};
/* End PBXFrameworksBuildPhase section */

/* Begin PBXGroup section */
		D7C8126D2349259C00F402DB = {
			isa = PBXGroup;
			children = (
				D7C812782349259C00F402DB /* TestSwiftUI */,
				D7C812922349259E00F402DB /* TestSwiftUITests */,
				D7C8129D2349259E00F402DB /* TestSwiftUIUITests */,
				D7C812772349259C00F402DB /* Products */,
			);
			sourceTree = "<group>";
		};
		D7C812772349259C00F402DB /* Products */ = {
			isa = PBXGroup;
			children = (
				D7C812762349259C00F402DB /* TestSwiftUI.app */,
				D7C8128F2349259E00F402DB /* TestSwiftUITests.xctest */,
				D7C8129A2349259E00F402DB /* TestSwiftUIUITests.xctest */,
			);
			name = Products;
			sourceTree = "<group>";
		};
		D7C812782349259C00F402DB /* TestSwiftUI */ = {
			isa = PBXGroup;
			children = (
				D7C812792349259D00F402DB /* AppDelegate.swift */,
				D7C8127B2349259D00F402DB /* SceneDelegate.swift */,
				D7C812802349259D00F402DB /* ContentView.swift */,
				D7C812822349259E00F402DB /* Assets.xcassets */,
				D7C812872349259E00F402DB /* LaunchScreen.storyboard */,
				D7C8128A2349259E00F402DB /* Info.plist */,
				D7C8127D2349259D00F402DB /* TestSwiftUI.xcdatamodeld */,
				D7C812842349259E00F402DB /* Preview Content */,
			);
			path = TestSwiftUI;
			sourceTree = "<group>";
		};
		D7C812842349259E00F402DB /* Preview Content */ = {
			isa = PBXGroup;
			children = (
				D7C812852349259E00F402DB /* Preview Assets.xcassets */,
			);
			path = "Preview Content";
			sourceTree = "<group>";
		};
		D7C812922349259E00F402DB /* TestSwiftUITests */ = {
			isa = PBXGroup;
			children = (
				D7C812932349259E00F402DB /* TestSwiftUITests.swift */,
				D7C812952349259E00F402DB /* Info.plist */,
			);
			path = TestSwiftUITests;
			sourceTree = "<group>";
		};
		D7C8129D2349259E00F402DB /* TestSwiftUIUITests */ = {
			isa = PBXGroup;
			children = (
				D7C8129E2349259E00F402DB /* TestSwiftUIUITests.swift */,
				D7C812A02349259E00F402DB /* Info.plist */,
			);
			path = TestSwiftUIUITests;
			sourceTree = "<group>";
		};
/* End PBXGroup section */

/* Begin PBXNativeTarget section */
		D7C812752349259C00F402DB /* TestSwiftUI */ = {
			isa = PBXNativeTarget;
			buildConfigurationList = D7C812A32349259E00F402DB /* Build configuration list for PBXNativeTarget "TestSwiftUI" */;
			buildPhases = (
				D7C812722349259C00F402DB /* Sources */,
				D7C812732349259C00F402DB /* Frameworks */,
				D7C812742349259C00F402DB /* Resources */,
			);
			buildRules = (
			);
			dependencies = (
			);
			name = TestSwiftUI;
			productName = TestSwiftUI;
			productReference = D7C812762349259C00F402DB /* TestSwiftUI.app */;
			productType = "com.apple.product-type.application";
		};
		D7C8128E2349259E00F402DB /* TestSwiftUITests */ = {
			isa = PBXNativeTarget;
			buildConfigurationList = D7C812A62349259E00F402DB /* Build configuration list for PBXNativeTarget "TestSwiftUITests" */;
			buildPhases = (
				D7C8128B2349259E00F402DB /* Sources */,
				D7C8128C2349259E00F402DB /* Frameworks */,
				D7C8128D2349259E00F402DB /* Resources */,
			);
			buildRules = (
			);
			dependencies = (
				D7C812912349259E00F402DB /* PBXTargetDependency */,
			);
			name = TestSwiftUITests;
			productName = TestSwiftUITests;
			productReference = D7C8128F2349259E00F402DB /* TestSwiftUITests.xctest */;
			productType = "com.apple.product-type.bundle.unit-test";
		};
		D7C812992349259E00F402DB /* TestSwiftUIUITests */ = {
			isa = PBXNativeTarget;
			buildConfigurationList = D7C812A92349259E00F402DB /* Build configuration list for PBXNativeTarget "TestSwiftUIUITests" */;
			buildPhases = (
				D7C812962349259E00F402DB /* Sources */,
				D7C812972349259E00F402DB /* Frameworks */,
				D7C812982349259E00F402DB /* Resources */,
			);
			buildRules = (
			);
			dependencies = (
				D7C8129C2349259E00F402DB /* PBXTargetDependency */,
			);
			name = TestSwiftUIUITests;
			productName = TestSwiftUIUITests;
			productReference = D7C8129A2349259E00F402DB /* TestSwiftUIUITests.xctest */;
			productType = "com.apple.product-type.bundle.ui-testing";
		};
/* End PBXNativeTarget section */

/* Begin PBXProject section */
		D7C8126E2349259C00F402DB /* Project object */ = {
			isa = PBXProject;
			attributes = {
				LastSwiftUpdateCheck = 1100;
				LastUpgradeCheck = 1100;
				ORGANIZATIONNAME = "Aji Saputra Raka Siwi";
				TargetAttributes = {
					D7C812752349259C00F402DB = {
						CreatedOnToolsVersion = 11.0;
					};
					D7C8128E2349259E00F402DB = {
						CreatedOnToolsVersion = 11.0;
						TestTargetID = D7C812752349259C00F402DB;
					};
					D7C812992349259E00F402DB = {
						CreatedOnToolsVersion = 11.0;
						TestTargetID = D7C812752349259C00F402DB;
					};
				};
			};
			buildConfigurationList = D7C812712349259C00F402DB /* Build configuration list for PBXProject "TestSwiftUI" */;
			compatibilityVersion = "Xcode 9.3";
			developmentRegion = en;
			hasScannedForEncodings = 0;
			knownRegions = (
				en,
				Base,
			);
			mainGroup = D7C8126D2349259C00F402DB;
			productRefGroup = D7C812772349259C00F402DB /* Products */;
			projectDirPath = "";
			projectRoot = "";
			targets = (
				D7C812752349259C00F402DB /* TestSwiftUI */,
				D7C8128E2349259E00F402DB /* TestSwiftUITests */,
				D7C812992349259E00F402DB /* TestSwiftUIUITests */,
			);
		};
/* End PBXProject section */

/* Begin PBXResourcesBuildPhase section */
		D7C812742349259C00F402DB /* Resources */ = {
			isa = PBXResourcesBuildPhase;
			buildActionMask = 2147483647;
			files = (
				D7C812892349259E00F402DB /* LaunchScreen.storyboard in Resources */,
				D7C812862349259E00F402DB /* Preview Assets.xcassets in Resources */,
				D7C812832349259E00F402DB /* Assets.xcassets in Resources */,
			);
			runOnlyForDeploymentPostprocessing = 0;
		};
		D7C8128D2349259E00F402DB /* Resources */ = {
			isa = PBXResourcesBuildPhase;
			buildActionMask = 2147483647;
			files = (
			);
			runOnlyForDeploymentPostprocessing = 0;
		};
		D7C812982349259E00F402DB /* Resources */ = {
			isa = PBXResourcesBuildPhase;
			buildActionMask = 2147483647;
			files = (
			);
			runOnlyForDeploymentPostprocessing = 0;
		};
/* End PBXResourcesBuildPhase section */

/* Begin PBXSourcesBuildPhase section */
		D7C812722349259C00F402DB /* Sources */ = {
			isa = PBXSourcesBuildPhase;
			buildActionMask = 2147483647;
			files = (
				D7C8127A2349259D00F402DB /* AppDelegate.swift in Sources */,
				D7C8127F2349259D00F402DB /* TestSwiftUI.xcdatamodeld in Sources */,
				D7C812812349259D00F402DB /* ContentView.swift in Sources */,
				D7C8127C2349259D00F402DB /* SceneDelegate.swift in Sources */,
			);
			runOnlyForDeploymentPostprocessing = 0;
		};
		D7C8128B2349259E00F402DB /* Sources */ = {
			isa = PBXSourcesBuildPhase;
			buildActionMask = 2147483647;
			files = (
				D7C812942349259E00F402DB /* TestSwiftUITests.swift in Sources */,
			);
			runOnlyForDeploymentPostprocessing = 0;
		};
		D7C812962349259E00F402DB /* Sources */ = {
			isa = PBXSourcesBuildPhase;
			buildActionMask = 2147483647;
			files = (
				D7C8129F2349259E00F402DB /* TestSwiftUIUITests.swift in Sources */,
			);
			runOnlyForDeploymentPostprocessing = 0;
		};
/* End PBXSourcesBuildPhase section */

/* Begin PBXTargetDependency section */
		D7C812912349259E00F402DB /* PBXTargetDependency */ = {
			isa = PBXTargetDependency;
			target = D7C812752349259C00F402DB /* TestSwiftUI */;
			targetProxy = D7C812902349259E00F402DB /* PBXContainerItemProxy */;
		};
		D7C8129C2349259E00F402DB /* PBXTargetDependency */ = {
			isa = PBXTargetDependency;
			target = D7C812752349259C00F402DB /* TestSwiftUI */;
			targetProxy = D7C8129B2349259E00F402DB /* PBXContainerItemProxy */;
		};
/* End PBXTargetDependency section */

/* Begin PBXVariantGroup section */
		D7C812872349259E00F402DB /* LaunchScreen.storyboard */ = {
			isa = PBXVariantGroup;
			children = (
				D7C812882349259E00F402DB /* Base */,
			);
			name = LaunchScreen.storyboard;
			sourceTree = "<group>";
		};
/* End PBXVariantGroup section */

/* Begin XCBuildConfiguration section */
		D7C812A12349259E00F402DB /* Debug */ = {
			isa = XCBuildConfiguration;
			buildSettings = {
				ALWAYS_SEARCH_USER_PATHS = NO;
				CLANG_ANALYZER_NONNULL = YES;
				CLANG_ANALYZER_NUMBER_OBJECT_CONVERSION = YES_AGGRESSIVE;
				CLANG_CXX_LANGUAGE_STANDARD = "gnu++14";
				CLANG_CXX_LIBRARY = "libc++";
				CLANG_ENABLE_MODULES = YES;
				CLANG_ENABLE_OBJC_ARC = YES;
				CLANG_ENABLE_OBJC_WEAK = YES;
				CLANG_WARN_BLOCK_CAPTURE_AUTORELEASING = YES;
				CLANG_WARN_BOOL_CONVERSION = YES;
				CLANG_WARN_COMMA = YES;
				CLANG_WARN_CONSTANT_CONVERSION = YES;
				CLANG_WARN_DEPRECATED_OBJC_IMPLEMENTATIONS = YES;
				CLANG_WARN_DIRECT_OBJC_ISA_USAGE = YES_ERROR;
				CLANG_WARN_DOCUMENTATION_COMMENTS = YES;
				CLANG_WARN_EMPTY_BODY = YES;
				CLANG_WARN_ENUM_CONVERSION = YES;
				CLANG_WARN_INFINITE_RECURSION = YES;
				CLANG_WARN_INT_CONVERSION = YES;
				CLANG_WARN_NON_LITERAL_NULL_CONVERSION = YES;
				CLANG_WARN_OBJC_IMPLICIT_RETAIN_SELF = YES;
				CLANG_WARN_OBJC_LITERAL_CONVERSION = YES;
				CLANG_WARN_OBJC_ROOT_CLASS = YES_ERROR;
				CLANG_WARN_RANGE_LOOP_ANALYSIS = YES;
				CLANG_WARN_STRICT_PROTOTYPES = YES;
				CLANG_WARN_SUSPICIOUS_MOVE = YES;
				CLANG_WARN_UNGUARDED_AVAILABILITY = YES_AGGRESSIVE;
				CLANG_WARN_UNREACHABLE_CODE = YES;
				CLANG_WARN__DUPLICATE_METHOD_MATCH = YES;
				COPY_PHASE_STRIP = NO;
				DEBUG_INFORMATION_FORMAT = dwarf;
				ENABLE_STRICT_OBJC_MSGSEND = YES;
				ENABLE_TESTABILITY = YES;
				GCC_C_LANGUAGE_STANDARD = gnu11;
				GCC_DYNAMIC_NO_PIC = NO;
				GCC_NO_COMMON_BLOCKS = YES;
				GCC_OPTIMIZATION_LEVEL = 0;
				GCC_PREPROCESSOR_DEFINITIONS = (
					"DEBUG=1",
					"$(inherited)",
				);
				GCC_WARN_64_TO_32_BIT_CONVERSION = YES;
				GCC_WARN_ABOUT_RETURN_TYPE = YES_ERROR;
				GCC_WARN_UNDECLARED_SELECTOR = YES;
				GCC_WARN_UNINITIALIZED_AUTOS = YES_AGGRESSIVE;
				GCC_WARN_UNUSED_FUNCTION = YES;
				GCC_WARN_UNUSED_VARIABLE = YES;
				IPHONEOS_DEPLOYMENT_TARGET = 13.0;
				MTL_ENABLE_DEBUG_INFO = INCLUDE_SOURCE;
				MTL_FAST_MATH = YES;
				ONLY_ACTIVE_ARCH = YES;
				SDKROOT = iphoneos;
				SWIFT_ACTIVE_COMPILATION_CONDITIONS = DEBUG;
				SWIFT_OPTIMIZATION_LEVEL = "-Onone";
			};
			name = Debug;
		};
		D7C812A22349259E00F402DB /* Release */ = {
			isa = XCBuildConfiguration;
			buildSettings = {
				ALWAYS_SEARCH_USER_PATHS = NO;
				CLANG_ANALYZER_NONNULL = YES;
				CLANG_ANALYZER_NUMBER_OBJECT_CONVERSION = YES_AGGRESSIVE;
				CLANG_CXX_LANGUAGE_STANDARD = "gnu++14";
				CLANG_CXX_LIBRARY = "libc++";
				CLANG_ENABLE_MODULES = YES;
				CLANG_ENABLE_OBJC_ARC = YES;
				CLANG_ENABLE_OBJC_WEAK = YES;
				CLANG_WARN_BLOCK_CAPTURE_AUTORELEASING = YES;
				CLANG_WARN_BOOL_CONVERSION = YES;
				CLANG_WARN_COMMA = YES;
				CLANG_WARN_CONSTANT_CONVERSION = YES;
				CLANG_WARN_DEPRECATED_OBJC_IMPLEMENTATIONS = YES;
				CLANG_WARN_DIRECT_OBJC_ISA_USAGE = YES_ERROR;
				CLANG_WARN_DOCUMENTATION_COMMENTS = YES;
				CLANG_WARN_EMPTY_BODY = YES;
				CLANG_WARN_ENUM_CONVERSION = YES;
				CLANG_WARN_INFINITE_RECURSION = YES;
				CLANG_WARN_INT_CONVERSION = YES;
				CLANG_WARN_NON_LITERAL_NULL_CONVERSION = YES;
				CLANG_WARN_OBJC_IMPLICIT_RETAIN_SELF = YES;
				CLANG_WARN_OBJC_LITERAL_CONVERSION = YES;
				CLANG_WARN_OBJC_ROOT_CLASS = YES_ERROR;
				CLANG_WARN_RANGE_LOOP_ANALYSIS = YES;
				CLANG_WARN_STRICT_PROTOTYPES = YES;
				CLANG_WARN_SUSPICIOUS_MOVE = YES;
				CLANG_WARN_UNGUARDED_AVAILABILITY = YES_AGGRESSIVE;
				CLANG_WARN_UNREACHABLE_CODE = YES;
				CLANG_WARN__DUPLICATE_METHOD_MATCH = YES;
				COPY_PHASE_STRIP = NO;
				DEBUG_INFORMATION_FORMAT = "dwarf-with-dsym";
				ENABLE_NS_ASSERTIONS = NO;
				ENABLE_STRICT_OBJC_MSGSEND = YES;
				GCC_C_LANGUAGE_STANDARD = gnu11;
				GCC_NO_COMMON_BLOCKS = YES;
				GCC_WARN_64_TO_32_BIT_CONVERSION = YES;
				GCC_WARN_ABOUT_RETURN_TYPE = YES_ERROR;
				GCC_WARN_UNDECLARED_SELECTOR = YES;
				GCC_WARN_UNINITIALIZED_AUTOS = YES_AGGRESSIVE;
				GCC_WARN_UNUSED_FUNCTION = YES;
				GCC_WARN_UNUSED_VARIABLE = YES;
				IPHONEOS_DEPLOYMENT_TARGET = 13.0;
				MTL_ENABLE_DEBUG_INFO = NO;
				MTL_FAST_MATH = YES;
				SDKROOT = iphoneos;
				SWIFT_COMPILATION_MODE = wholemodule;
				SWIFT_OPTIMIZATION_LEVEL = "-O";
				VALIDATE_PRODUCT = YES;
			};
			name = Release;
		};
		D7C812A42349259E00F402DB /* Debug */ = {
			isa = XCBuildConfiguration;
			buildSettings = {
				ASSETCATALOG_COMPILER_APPICON_NAME = AppIcon;
				CODE_SIGN_STYLE = Automatic;
				DEVELOPMENT_ASSET_PATHS = "\"TestSwiftUI/Preview Content\"";
				DEVELOPMENT_TEAM = 9Y224ZS8GH;
				ENABLE_PREVIEWS = YES;
				INFOPLIST_FILE = TestSwiftUI/Info.plist;
				IPHONEOS_DEPLOYMENT_TARGET = 13.0;
				LD_RUNPATH_SEARCH_PATHS = (
					"$(inherited)",
					"@executable_path/Frameworks",
				);
				PRODUCT_BUNDLE_IDENTIFIER = com.ajisaputrars.TestSwiftUI;
				PRODUCT_NAME = "$(TARGET_NAME)";
				SWIFT_VERSION = 5.0;
				TARGETED_DEVICE_FAMILY = "1,2";
			};
			name = Debug;
		};
		D7C812A52349259E00F402DB /* Release */ = {
			isa = XCBuildConfiguration;
			buildSettings = {
				ASSETCATALOG_COMPILER_APPICON_NAME = AppIcon;
				CODE_SIGN_STYLE = Automatic;
				DEVELOPMENT_ASSET_PATHS = "\"TestSwiftUI/Preview Content\"";
				DEVELOPMENT_TEAM = 9Y224ZS8GH;
				ENABLE_PREVIEWS = YES;
				INFOPLIST_FILE = TestSwiftUI/Info.plist;
				IPHONEOS_DEPLOYMENT_TARGET = 13.0;
				LD_RUNPATH_SEARCH_PATHS = (
					"$(inherited)",
					"@executable_path/Frameworks",
				);
				PRODUCT_BUNDLE_IDENTIFIER = com.ajisaputrars.TestSwiftUI;
				PRODUCT_NAME = "$(TARGET_NAME)";
				SWIFT_VERSION = 5.0;
				TARGETED_DEVICE_FAMILY = "1,2";
			};
			name = Release;
		};
		D7C812A72349259E00F402DB /* Debug */ = {
			isa = XCBuildConfiguration;
			buildSettings = {
				ALWAYS_EMBED_SWIFT_STANDARD_LIBRARIES = YES;
				BUNDLE_LOADER = "$(TEST_HOST)";
				CODE_SIGN_STYLE = Automatic;
				DEVELOPMENT_TEAM = 9Y224ZS8GH;
				INFOPLIST_FILE = TestSwiftUITests/Info.plist;
				IPHONEOS_DEPLOYMENT_TARGET = 13.0;
				LD_RUNPATH_SEARCH_PATHS = (
					"$(inherited)",
					"@executable_path/Frameworks",
					"@loader_path/Frameworks",
				);
				PRODUCT_BUNDLE_IDENTIFIER = com.ajisaputrars.TestSwiftUITests;
				PRODUCT_NAME = "$(TARGET_NAME)";
				SWIFT_VERSION = 5.0;
				TARGETED_DEVICE_FAMILY = "1,2";
				TEST_HOST = "$(BUILT_PRODUCTS_DIR)/TestSwiftUI.app/TestSwiftUI";
			};
			name = Debug;
		};
		D7C812A82349259E00F402DB /* Release */ = {
			isa = XCBuildConfiguration;
			buildSettings = {
				ALWAYS_EMBED_SWIFT_STANDARD_LIBRARIES = YES;
				BUNDLE_LOADER = "$(TEST_HOST)";
				CODE_SIGN_STYLE = Automatic;
				DEVELOPMENT_TEAM = 9Y224ZS8GH;
				INFOPLIST_FILE = TestSwiftUITests/Info.plist;
				IPHONEOS_DEPLOYMENT_TARGET = 13.0;
				LD_RUNPATH_SEARCH_PATHS = (
					"$(inherited)",
					"@executable_path/Frameworks",
					"@loader_path/Frameworks",
				);
				PRODUCT_BUNDLE_IDENTIFIER = com.ajisaputrars.TestSwiftUITests;
				PRODUCT_NAME = "$(TARGET_NAME)";
				SWIFT_VERSION = 5.0;
				TARGETED_DEVICE_FAMILY = "1,2";
				TEST_HOST = "$(BUILT_PRODUCTS_DIR)/TestSwiftUI.app/TestSwiftUI";
			};
			name = Release;
		};
		D7C812AA2349259E00F402DB /* Debug */ = {
			isa = XCBuildConfiguration;
			buildSettings = {
				ALWAYS_EMBED_SWIFT_STANDARD_LIBRARIES = YES;
				CODE_SIGN_STYLE = Automatic;
				DEVELOPMENT_TEAM = 9Y224ZS8GH;
				INFOPLIST_FILE = TestSwiftUIUITests/Info.plist;
				LD_RUNPATH_SEARCH_PATHS = (
					"$(inherited)",
					"@executable_path/Frameworks",
					"@loader_path/Frameworks",
				);
				PRODUCT_BUNDLE_IDENTIFIER = com.ajisaputrars.TestSwiftUIUITests;
				PRODUCT_NAME = "$(TARGET_NAME)";
				SWIFT_VERSION = 5.0;
				TARGETED_DEVICE_FAMILY = "1,2";
				TEST_TARGET_NAME = TestSwiftUI;
			};
			name = Debug;
		};
		D7C812AB2349259E00F402DB /* Release */ = {
			isa = XCBuildConfiguration;
			buildSettings = {
				ALWAYS_EMBED_SWIFT_STANDARD_LIBRARIES = YES;
				CODE_SIGN_STYLE = Automatic;
				DEVELOPMENT_TEAM = 9Y224ZS8GH;
				INFOPLIST_FILE = TestSwiftUIUITests/Info.plist;
				LD_RUNPATH_SEARCH_PATHS = (
					"$(inherited)",
					"@executable_path/Frameworks",
					"@loader_path/Frameworks",
				);
				PRODUCT_BUNDLE_IDENTIFIER = com.ajisaputrars.TestSwiftUIUITests;
				PRODUCT_NAME = "$(TARGET_NAME)";
				SWIFT_VERSION = 5.0;
				TARGETED_DEVICE_FAMILY = "1,2";
				TEST_TARGET_NAME = TestSwiftUI;
			};
			name = Release;
		};
/* End XCBuildConfiguration section */

/* Begin XCConfigurationList section */
		D7C812712349259C00F402DB /* Build configuration list for PBXProject "TestSwiftUI" */ = {
			isa = XCConfigurationList;
			buildConfigurations = (
				D7C812A12349259E00F402DB /* Debug */,
				D7C812A22349259E00F402DB /* Release */,
			);
			defaultConfigurationIsVisible = 0;
			defaultConfigurationName = Release;
		};
		D7C812A32349259E00F402DB /* Build configuration list for PBXNativeTarget "TestSwiftUI" */ = {
			isa = XCConfigurationList;
			buildConfigurations = (
				D7C812A42349259E00F402DB /* Debug */,
				D7C812A52349259E00F402DB /* Release */,
			);
			defaultConfigurationIsVisible = 0;
			defaultConfigurationName = Release;
		};
		D7C812A62349259E00F402DB /* Build configuration list for PBXNativeTarget "TestSwiftUITests" */ = {
			isa = XCConfigurationList;
			buildConfigurations = (
				D7C812A72349259E00F402DB /* Debug */,
				D7C812A82349259E00F402DB /* Release */,
			);
			defaultConfigurationIsVisible = 0;
			defaultConfigurationName = Release;
		};
		D7C812A92349259E00F402DB /* Build configuration list for PBXNativeTarget "TestSwiftUIUITests" */ = {
			isa = XCConfigurationList;
			buildConfigurations = (
				D7C812AA2349259E00F402DB /* Debug */,
				D7C812AB2349259E00F402DB /* Release */,
			);
			defaultConfigurationIsVisible = 0;
			defaultConfigurationName = Release;
		};
/* End XCConfigurationList section */

/* Begin XCVersionGroup section */
		D7C8127D2349259D00F402DB /* TestSwiftUI.xcdatamodeld */ = {
			isa = XCVersionGroup;
			children = (
				D7C8127E2349259D00F402DB /* TestSwiftUI.xcdatamodel */,
			);
			currentVersion = D7C8127E2349259D00F402DB /* TestSwiftUI.xcdatamodel */;
			path = TestSwiftUI.xcdatamodeld;
			sourceTree = "<group>";
			versionGroupType = wrapper.xcdatamodel;
		};
/* End XCVersionGroup section */
	};
	rootObject = D7C8126E2349259C00F402DB /* Project object */;
}
